
Microsoft Visual Studio Solution File, Format Version 12.00
# Visual Studio Version 17
VisualStudioVersion = 17.6.33723.286
MinimumVisualStudioVersion = 10.0.40219.1
Project("{FAE04EC0-301F-11D3-BF4B-00C04F79EFBC}") = "DependencyInjectionConstructor-0506", "DependencyInjectionConstructor-0506\DependencyInjectionConstructor-0506.csproj", "{FAA8FFE0-3181-4620-A87A-24CC50BFCC7C}"
EndProject
Global
	GlobalSection(SolutionConfigurationPlatforms) = preSolution
		Debug|Any CPU = Debug|Any CPU
		Release|Any CPU = Release|Any CPU
	EndGlobalSection
	GlobalSection(ProjectConfigurationPlatforms) = postSolution
		{FAA8FFE0-3181-4620-A87A-24CC50BFCC7C}.Debug|Any CPU.ActiveCfg = Debug|Any CPU
		{FAA8FFE0-3181-4620-A87A-24CC50BFCC7C}.Debug|Any CPU.Build.0 = Debug|Any CPU
		{FAA8FFE0-3181-4620-A87A-24CC50BFCC7C}.Release|Any CPU.ActiveCfg = Release|Any CPU
		{FAA8FFE0-3181-4620-A87A-24CC50BFCC7C}.Release|Any CPU.Build.0 = Release|Any CPU
	EndGlobalSection
	GlobalSection(SolutionProperties) = preSolution
		HideSolutionNode = FALSE
	EndGlobalSection
	GlobalSection(ExtensibilityGlobals) = postSolution
		SolutionGuid = {95F904CA-127F-4551-BE2E-C60E61808790}
	EndGlobalSection
EndGlobal
